{
  "name": "dumbbell-plot-viz",
  "version": "1.0.0",
  "lockfileVersion": 2,
  "requires": true,
  "packages": {
    "": {
      "name": "dumbbell-plot-viz",
      "version": "1.0.0",
      "license": "ISC",
      "dependencies": {
        "@google/dscc": "^0.3.22"
      }
    },
    "node_modules/@google/dscc": {
      "version": "0.3.22",
      "resolved": "https://registry.npmjs.org/@google/dscc/-/dscc-0.3.22.tgz",
      "integrity": "sha512-Vo7hakyZ8YVaBGOyzx/A2bFgr8e+DiWqMsELEidUSsokwombvKygYTdQJff9ehTO3Z4EhSkiA64eJVhqvM6XgA=="
    }
  },
  "dependencies": {
    "@google/dscc": {
      "version": "0.3.22",
      "resolved": "https://registry.npmjs.org/@google/dscc/-/dscc-0.3.22.tgz",
      "integrity": "sha512-Vo7hakyZ8YVaBGOyzx/A2bFgr8e+DiWqMsELEidUSsokwombvKygYTdQJff9ehTO3Z4EhSkiA64eJVhqvM6XgA=="
    }
  }
}
